
Microsoft Visual Studio Solution File, Format Version 12.00
# Visual Studio Version 17
VisualStudioVersion = 17.8.34511.84
MinimumVisualStudioVersion = 10.0.40219.1
Project("{FAE04EC0-301F-11D3-BF4B-00C04F79EFBC}") = "AksuProje", "AksuProje\AksuProje.csproj", "{DFF79680-AC97-4067-ACF1-35ECEAC1E2B5}"
EndProject
Global
	GlobalSection(SolutionConfigurationPlatforms) = preSolution
		Debug|Any CPU = Debug|Any CPU
		Release|Any CPU = Release|Any CPU
	EndGlobalSection
	GlobalSection(ProjectConfigurationPlatforms) = postSolution
		{DFF79680-AC97-4067-ACF1-35ECEAC1E2B5}.Debug|Any CPU.ActiveCfg = Debug|Any CPU
		{DFF79680-AC97-4067-ACF1-35ECEAC1E2B5}.Debug|Any CPU.Build.0 = Debug|Any CPU
		{DFF79680-AC97-4067-ACF1-35ECEAC1E2B5}.Release|Any CPU.ActiveCfg = Release|Any CPU
		{DFF79680-AC97-4067-ACF1-35ECEAC1E2B5}.Release|Any CPU.Build.0 = Release|Any CPU
	EndGlobalSection
	GlobalSection(SolutionProperties) = preSolution
		HideSolutionNode = FALSE
	EndGlobalSection
	GlobalSection(ExtensibilityGlobals) = postSolution
		SolutionGuid = {FDFC3030-5387-4E93-904D-7EF999B2C80F}
	EndGlobalSection
EndGlobal
